<?xml version="1.0" encoding="utf-8"?>
<Project ToolsVersion="4.0" xmlns="http://schemas.microsoft.com/developer/msbuild/2003">
  <ItemGroup>
    <Filter Include="소스 파일">
      <UniqueIdentifier>{4FC737F1-C7A5-4376-A066-2A32D752A2FF}</UniqueIdentifier>
      <Extensions>cpp;c;cc;cxx;def;odl;idl;hpj;bat;asm;asmx</Extensions>
    </Filter>
    <Filter Include="헤더 파일">
      <UniqueIdentifier>{93995380-89BD-4b04-88EB-625FBE52EBFB}</UniqueIdentifier>
      <Extensions>h;hh;hpp;hxx;hm;inl;inc;ipp;xsd</Extensions>
    </Filter>
    <Filter Include="리소스 파일">
      <UniqueIdentifier>{67DA6AB6-F800-4c08-8B7A-83BB121AAD01}</UniqueIdentifier>
      <Extensions>rc;ico;cur;bmp;dlg;rc2;rct;bin;rgs;gif;jpg;jpeg;jpe;resx;tiff;tif;png;wav;mfcribbon-ms</Extensions>
    </Filter>
    <Filter Include="소스 파일\DxGraphics">
      <UniqueIdentifier>{a1bcb216-ad87-4133-83a1-ce44ed549486}</UniqueIdentifier>
    </Filter>
    <Filter Include="헤더 파일\DxGraphics">
      <UniqueIdentifier>{0422d302-86cf-4f33-a3fd-27c6c90a53b0}</UniqueIdentifier>
    </Filter>
    <Filter Include="소스 파일\DxGraphics\shaders">
      <UniqueIdentifier>{5bac418f-af5e-41bf-bfa8-06c0c42c5e2c}</UniqueIdentifier>
    </Filter>
    <Filter Include="소스 파일\Utilities">
      <UniqueIdentifier>{d1bb1d09-4774-4d99-a32a-a8eea0615e3a}</UniqueIdentifier>
    </Filter>
    <Filter Include="헤더 파일\Utilites">
      <UniqueIdentifier>{35b79cc3-4921-4717-9536-30d9774a441e}</UniqueIdentifier>
    </Filter>
  </ItemGroup>
  <ItemGroup>
    <ClCompile Include="WinMain.cpp">
      <Filter>소스 파일</Filter>
    </ClCompile>
    <ClCompile Include="Engine.cpp">
      <Filter>소스 파일</Filter>
    </ClCompile>
    <ClCompile Include="MyD3D_Mgr.cpp">
      <Filter>소스 파일\DxGraphics</Filter>
    </ClCompile>
    <ClCompile Include="Graphics\shaders.cpp">
      <Filter>소스 파일\DxGraphics</Filter>
    </ClCompile>
    <ClCompile Include="MyModel.cpp">
      <Filter>소스 파일\DxGraphics</Filter>
    </ClCompile>
    <ClCompile Include="MyMesh.cpp">
      <Filter>소스 파일\DxGraphics</Filter>
    </ClCompile>
    <ClCompile Include="MyIndexBuffer.cpp">
      <Filter>소스 파일\DxGraphics</Filter>
    </ClCompile>
    <ClCompile Include="MyColor.cpp">
      <Filter>소스 파일\DxGraphics</Filter>
    </ClCompile>
    <ClCompile Include="MyTexture.cpp">
      <Filter>소스 파일\DxGraphics</Filter>
    </ClCompile>
    <ClCompile Include="Object.cpp">
      <Filter>소스 파일\DxGraphics</Filter>
    </ClCompile>
    <ClCompile Include="ObjectMgr.cpp">
      <Filter>소스 파일\DxGraphics</Filter>
    </ClCompile>
    <ClCompile Include="MyErrorCheck.cpp">
      <Filter>소스 파일\Utilities</Filter>
    </ClCompile>
    <ClCompile Include="MyCamera.cpp">
      <Filter>소스 파일\Utilities</Filter>
    </ClCompile>
    <ClCompile Include="MyString.cpp">
      <Filter>소스 파일\Utilities</Filter>
    </ClCompile>
    <ClCompile Include="MyTimer.cpp">
      <Filter>소스 파일\Utilities</Filter>
    </ClCompile>
    <ClCompile Include="KeyboardClass.cpp">
      <Filter>소스 파일\Utilities</Filter>
    </ClCompile>
    <ClCompile Include="KeyboardEvent.cpp">
      <Filter>소스 파일\Utilities</Filter>
    </ClCompile>
    <ClCompile Include="Utilites\MouseClass.cpp">
      <Filter>소스 파일\Utilities</Filter>
    </ClCompile>
    <ClCompile Include="Utilites\MouseEvent.cpp">
      <Filter>소스 파일\Utilities</Filter>
    </ClCompile>
  </ItemGroup>
  <ItemGroup>
    <ClInclude Include="Engine.h">
      <Filter>헤더 파일</Filter>
    </ClInclude>
    <ClInclude Include="Graphics\MyD3D_Mgr.h">
      <Filter>헤더 파일\DxGraphics</Filter>
    </ClInclude>
    <ClInclude Include="Graphics\shaders.h">
      <Filter>헤더 파일\DxGraphics</Filter>
    </ClInclude>
    <ClInclude Include="MyModel.h">
      <Filter>헤더 파일\DxGraphics</Filter>
    </ClInclude>
    <ClInclude Include="MyVertexBuffer.h">
      <Filter>헤더 파일\DxGraphics</Filter>
    </ClInclude>
    <ClInclude Include="MyMesh.h">
      <Filter>헤더 파일\DxGraphics</Filter>
    </ClInclude>
    <ClInclude Include="MyIndexBuffer.h">
      <Filter>헤더 파일\DxGraphics</Filter>
    </ClInclude>
    <ClInclude Include="MyColor.h">
      <Filter>헤더 파일\DxGraphics</Filter>
    </ClInclude>
    <ClInclude Include="MyCamera.h">
      <Filter>헤더 파일\Utilites</Filter>
    </ClInclude>
    <ClInclude Include="MyErrorCheck.h">
      <Filter>헤더 파일\Utilites</Filter>
    </ClInclude>
    <ClInclude Include="MyString.h">
      <Filter>헤더 파일\Utilites</Filter>
    </ClInclude>
    <ClInclude Include="MyTimer.h">
      <Filter>헤더 파일\Utilites</Filter>
    </ClInclude>
    <ClInclude Include="MyConstBuffer.h">
      <Filter>헤더 파일\DxGraphics</Filter>
    </ClInclude>
    <ClInclude Include="MyTexture.h">
      <Filter>헤더 파일\DxGraphics</Filter>
    </ClInclude>
    <ClInclude Include="ObjectMgr.h">
      <Filter>헤더 파일\DxGraphics</Filter>
    </ClInclude>
    <ClInclude Include="Object.h">
      <Filter>헤더 파일\DxGraphics</Filter>
    </ClInclude>
    <ClInclude Include="KeyboardClass.h">
      <Filter>헤더 파일\Utilites</Filter>
    </ClInclude>
    <ClInclude Include="KeyboardEvent.h">
      <Filter>헤더 파일\Utilites</Filter>
    </ClInclude>
    <ClInclude Include="Utilites\MouseClass.h">
      <Filter>헤더 파일\Utilites</Filter>
    </ClInclude>
    <ClInclude Include="Utilites\MouseEvent.h">
      <Filter>헤더 파일\Utilites</Filter>
    </ClInclude>
  </ItemGroup>
  <ItemGroup>
    <FxCompile Include="pixelshader.hlsl">
      <Filter>소스 파일\DxGraphics\shaders</Filter>
    </FxCompile>
    <FxCompile Include="Sample.fx">
      <Filter>소스 파일\DxGraphics\shaders</Filter>
    </FxCompile>
    <FxCompile Include="Sample2.fx">
      <Filter>소스 파일\DxGraphics\shaders</Filter>
    </FxCompile>
    <FxCompile Include="vertexshader.hlsl">
      <Filter>소스 파일\DxGraphics\shaders</Filter>
    </FxCompile>
  </ItemGroup>
</Project>